{
  "name": "performance-test",
  "version": "1.0.0",
  "lockfileVersion": 2,
  "requires": true,
  "packages": {
    "": {
      "name": "performance-test",
      "version": "1.0.0",
      "license": "ISC",
      "devDependencies": {
        "@types/k6": "2.0.0"
      }
    },
    "node_modules/@types/k6": {
      "version": "2.0.0",
      "resolved": "https://registry.npmjs.org/@types/k6/-/k6-2.0.0.tgz",
      "integrity": "sha512-ztO2fVOAQxtCpF6VWTn8O6FW6Z4DpjhY+XvD2GpCe/+fAfekD45bQ+vrM0B0C0c5ajLpVgWTMlLu9dKZ1nI+wg==",
      "dev": true,
      "license": "MIT"
    }
  },
  "dependencies": {
    "@types/k6": {
      "version": "2.0.0",
      "resolved": "https://registry.npmjs.org/@types/k6/-/k6-2.0.0.tgz",
      "integrity": "sha512-ztO2fVOAQxtCpF6VWTn8O6FW6Z4DpjhY+XvD2GpCe/+fAfekD45bQ+vrM0B0C0c5ajLpVgWTMlLu9dKZ1nI+wg==",
      "dev": true
    }
  }
}
