{
  "name": "performance-test",
  "version": "1.0.0",
  "lockfileVersion": 3,
  "requires": true,
  "packages": {
    "": {
      "name": "performance-test",
      "version": "1.0.0",
      "license": "ISC",
      "devDependencies": {
        "@types/k6": "2.3.0"
      }
    },
    "node_modules/@types/k6": {
      "version": "2.3.0",
      "resolved": "https://registry.npmjs.org/@types/k6/-/k6-2.3.0.tgz",
      "integrity": "sha512-kEiRQx9MRQZ0vAwWgZUyYvuEc1JC++OZbH9uHVLsSOIKFLwHz8UeIV1EuIlB4Fqn03A4ZM+E624zVsvQPAAp6Q==",
      "dev": true,
      "license": "MIT"
    }
  }
}
