dependencies:
- name: oauth2-proxy
  repository: https://oauth2-proxy.github.io/manifests
  version: 7.7.17
- name: kubernetes-dashboard
  repository: https://kubernetes.github.io/dashboard/
  version: 7.5.0
- name: oauth2-proxy
  repository: https://oauth2-proxy.github.io/manifests
  version: 7.7.17
- name: oauth2-proxy
  repository: https://oauth2-proxy.github.io/manifests
  version: 7.7.17
digest: sha256:0e7550063adac38ab57f7106861b43adf3c86df517644ebf22afb101c88be5af
generated: "2024-09-09T11:40:29.7976055Z"
