dependencies:
- name: oauth2-proxy
  repository: https://oauth2-proxy.github.io/manifests
  version: 7.7.22
- name: kubernetes-dashboard
  repository: https://kubernetes.github.io/dashboard/
  version: 7.7.0
- name: oauth2-proxy
  repository: https://oauth2-proxy.github.io/manifests
  version: 7.7.22
- name: oauth2-proxy
  repository: https://oauth2-proxy.github.io/manifests
  version: 7.7.22
digest: sha256:da896b82bd5986537519eeaf72a4f1ee275581b80f4b1460e28302841cfd4ff5
generated: "2024-10-04T15:20:23.458046983Z"
