dependencies:
- name: oauth2-proxy
  repository: https://oauth2-proxy.github.io/manifests
  version: 10.7.0
- name: oauth2-proxy
  repository: https://oauth2-proxy.github.io/manifests
  version: 10.7.0
digest: sha256:689063de3e8a66d67be6cb3b9bebbb1e7b32447e07eb90482848333da23c7301
generated: "2026-06-17T01:49:17.844161985Z"
