dependencies:
- name: ingress-nginx
  repository: https://kubernetes.github.io/ingress-nginx
  version: 4.14.3
- name: traefik
  repository: https://traefik.github.io/charts
  version: 39.0.5
- name: external-dns
  repository: https://kubernetes-sigs.github.io/external-dns/
  version: 1.15.0
digest: sha256:b615c0afc1b73eaebcedcb68c922e0f37b82490023f0b4bca87216841e432eb4
generated: "2026-03-14T22:58:51.946970126+01:00"
