{
  "name": "@ecamp3/playwright-cli",
  "lockfileVersion": 2,
  "requires": true,
  "packages": {
    "": {
      "name": "@ecamp3/playwright-cli",
      "dependencies": {
        "@playwright/cli": "0.1.21"
      }
    },
    "node_modules/@playwright/cli": {
      "version": "0.1.21",
      "resolved": "https://registry.npmjs.org/@playwright/cli/-/cli-0.1.21.tgz",
      "integrity": "sha512-FfxmVJj2wJlsxPksUO+4N7gqimPEQPajpocl2Mk97ENIGfAVZ4aElzPb5sDdGXHI9J/3Y8EtUiUTas0VsTm/sg==",
      "license": "Apache-2.0",
      "dependencies": {
        "playwright": "1.64.0-alpha-1789764292000",
        "playwright-core": "1.64.0-alpha-1789764292000"
      },
      "bin": {
        "playwright-cli": "playwright-cli.js"
      },
      "engines": {
        "node": ">=18"
      }
    },
    "node_modules/@playwright/cli/node_modules/playwright": {
      "version": "1.64.0-alpha-1789764292000",
      "resolved": "https://registry.npmjs.org/playwright/-/playwright-1.64.0-alpha-1789764292000.tgz",
      "integrity": "sha512-3Ngs4ERGdC912uW3srEDtNVey4u1wSaQ/EFcKhxMpz0by0K6nidaJgM087pLpJc1osytiVnL7ack5gvgPArPNw==",
      "license": "Apache-2.0",
      "dependencies": {
        "playwright-core": "1.64.0-alpha-1789764292000"
      },
      "bin": {
        "playwright": "cli.js"
      },
      "engines": {
        "node": ">=20"
      }
    },
    "node_modules/@playwright/cli/node_modules/playwright-core": {
      "version": "1.64.0-alpha-1789764292000",
      "resolved": "https://registry.npmjs.org/playwright-core/-/playwright-core-1.64.0-alpha-1789764292000.tgz",
      "integrity": "sha512-ZgRaybFv4rRy7QMGnYprEGFdNJnvapNqcaER2w96bDQA+40BWIle1el1Yh9KHD3E6XYmieMB+r+UxFTCauTGGQ==",
      "license": "Apache-2.0",
      "bin": {
        "playwright-core": "cli.js"
      },
      "engines": {
        "node": ">=20"
      }
    }
  },
  "dependencies": {
    "@playwright/cli": {
      "version": "0.1.21",
      "resolved": "https://registry.npmjs.org/@playwright/cli/-/cli-0.1.21.tgz",
      "integrity": "sha512-FfxmVJj2wJlsxPksUO+4N7gqimPEQPajpocl2Mk97ENIGfAVZ4aElzPb5sDdGXHI9J/3Y8EtUiUTas0VsTm/sg==",
      "requires": {
        "playwright": "1.64.0-alpha-1789764292000",
        "playwright-core": "1.64.0-alpha-1789764292000"
      },
      "dependencies": {
        "playwright": {
          "version": "1.64.0-alpha-1789764292000",
          "resolved": "https://registry.npmjs.org/playwright/-/playwright-1.64.0-alpha-1789764292000.tgz",
          "integrity": "sha512-3Ngs4ERGdC912uW3srEDtNVey4u1wSaQ/EFcKhxMpz0by0K6nidaJgM087pLpJc1osytiVnL7ack5gvgPArPNw==",
          "requires": {
            "playwright-core": "1.64.0-alpha-1789764292000"
          }
        },
        "playwright-core": {
          "version": "1.64.0-alpha-1789764292000",
          "resolved": "https://registry.npmjs.org/playwright-core/-/playwright-core-1.64.0-alpha-1789764292000.tgz",
          "integrity": "sha512-ZgRaybFv4rRy7QMGnYprEGFdNJnvapNqcaER2w96bDQA+40BWIle1el1Yh9KHD3E6XYmieMB+r+UxFTCauTGGQ=="
        }
      }
    }
  }
}
