{
  "name": "@ecamp3/playwright-cli",
  "lockfileVersion": 3,
  "requires": true,
  "packages": {
    "": {
      "name": "@ecamp3/playwright-cli",
      "dependencies": {
        "@playwright/cli": "0.1.19"
      }
    },
    "node_modules/@playwright/cli": {
      "version": "0.1.19",
      "resolved": "https://registry.npmjs.org/@playwright/cli/-/cli-0.1.19.tgz",
      "integrity": "sha512-eGXIsYa5D+dC6wHGf+9uEislhPGip1djK+yiNAD7BVsXN3WzzR1J4ClFAhYhyu7wSEFqhcPrqXAYeBJF1dKJ7A==",
      "license": "Apache-2.0",
      "dependencies": {
        "playwright": "1.63.0-alpha-2026-08-31",
        "playwright-core": "1.63.0-alpha-2026-08-31"
      },
      "bin": {
        "playwright-cli": "playwright-cli.js"
      },
      "engines": {
        "node": ">=18"
      }
    },
    "node_modules/playwright": {
      "version": "1.63.0-alpha-2026-08-31",
      "resolved": "https://registry.npmjs.org/playwright/-/playwright-1.63.0-alpha-2026-08-31.tgz",
      "integrity": "sha512-3XAsuznfu8jBVJ4QxdGvBkt0+b8ZFwuwJYyOfiIw5ZjUOrNLNRhKxzLzLuydou3gJ9c6eMwVqgzdiOwhy54Kzw==",
      "license": "Apache-2.0",
      "dependencies": {
        "playwright-core": "1.63.0-alpha-2026-08-31"
      },
      "bin": {
        "playwright": "cli.js"
      },
      "engines": {
        "node": ">=20"
      }
    },
    "node_modules/playwright-core": {
      "version": "1.63.0-alpha-2026-08-31",
      "resolved": "https://registry.npmjs.org/playwright-core/-/playwright-core-1.63.0-alpha-2026-08-31.tgz",
      "integrity": "sha512-1ek0Lyr12h6jcs/WTcNoVtzZkQp7D/90PsMuBW/Rm6h3AsWAbzpqj0geMv8+8Tzzr9CSUYvg9kznrVZINQMXXw==",
      "license": "Apache-2.0",
      "bin": {
        "playwright-core": "cli.js"
      },
      "engines": {
        "node": ">=20"
      }
    }
  }
}
